{
    "_meta": {
        "hash": {
            "sha256": "7143a36f4ceb60f81ca8d1d0f44ae4daf5c94027ab6148298862f7da4d6da027"
        },
        "host-environment-markers": {
            "implementation_name": "cpython",
            "implementation_version": "0",
            "os_name": "posix",
            "platform_machine": "x86_64",
            "platform_python_implementation": "CPython",
            "platform_release": "4.4.0-87-generic",
            "platform_system": "Linux",
            "platform_version": "#110-Ubuntu SMP Tue Jul 18 12:55:35 UTC 2017",
            "python_full_version": "2.7.12",
            "python_version": "2.7",
            "sys_platform": "linux2"
        },
        "pipfile-spec": 6,
        "requires": {},
        "sources": [
            {
                "name": "pypi",
                "url": "https://pypi.python.org/simple",
                "verify_ssl": true
            }
        ]
    },
    "default": {
        "attrs": {
            "hashes": [
                "sha256:a17a9573a6f475c99b551c0e0a812707ddda1ec9653bed04c13841404ed6f450",
                "sha256:1c7960ccfd6a005cd9f7ba884e6316b5e430a3f1a6c37c5f87d8b43f83b54ec9"
            ],
            "version": "==17.4.0"
        },
        "cov-core": {
            "hashes": [
                "sha256:4a14c67d520fda9d42b0da6134638578caae1d374b9bb462d8de00587dba764c"
            ],
            "version": "==1.15.0"
        },
        "coverage": {
            "hashes": [
                "sha256:a14efeaf2dd93037ce45ac5a4aa23e6c39f7a493a229aebf640282e688aa0d94",
                "sha256:53bb171951768765bd62d635c09bd9ffa783444ac6e1a1e21131dbb7581f087e",
                "sha256:5fdc8a8da330e439c8f868208b10dcf8fce9e920e989abf35797c65e57ac5b6d",
                "sha256:e6390c3fff493bf7ff85f2f8336aca6959393fec6035f342438da6380280dea0",
                "sha256:8ed1bcb748e18241920113b6b0e1024babe2f59aa9c135a8ae38df0e1bdb56a3",
                "sha256:b05dc527826a1fdf6b6560f6f12447a7ea544cbdaf908c35a2761d7de990ff76",
                "sha256:8e5e788623059e7cdfe3bba2d627548bab0d99755754217f7222011fd8559b8b",
                "sha256:ed1f8248b69439216d73d685745f96c9c34d795a7c5316782286d9c64caa3943",
                "sha256:c21e05cad7c530bfe3e1c0ce21d0f7834e1531efbbbaa219c03994cc46e4ddf6",
                "sha256:1878f154527db68eb8451b1180aedf17d612f5f010b6151cadfd1b76e7a53adc",
                "sha256:a32386d7a6b4726154a15b182eb66f57b8afb7d92b538c1d34b40a69552992ce",
                "sha256:9556ad45b8831c07a7274ee61b3149a2ed5bf3a1779fdca5b5dd28c726896059",
                "sha256:5e9d18dfec28d4fbba0df847511ddb7d940d97ec128ac3e658e0208695d9f4dd",
                "sha256:cb7f38198737714bcfb6fd8ed4895a7d144359335909710cdfec4a9f3be7e671",
                "sha256:78b17b65665c26226a5c0da2175fb842164742697d5e76d1fd38764c1af8ccfa",
                "sha256:933987eeb4c23bd347c50c8c25f4142d7511046778a3ea859f813b5d9d1e65a0",
                "sha256:700fa2f91c960bdaea697f08bba4b6c9d2d992ecd5a619f632dab541ca04c74e",
                "sha256:8c47b543e0325eb0657e8e014da6369d88f6517ac07792de2f9090ba90a411b3",
                "sha256:23cd23a61661875f942118af9f11355912c5cf292b2da30b2fb054181ab36684",
                "sha256:60fd51ecea79c705b9ae068e1be196b468905094a29bac6e03979a91f301318c",
                "sha256:7826a377a69f296cb2927ef07e004ac12a25cbdd5eca1e81e7da95a970d813d7",
                "sha256:07799989f4d0ac39f7306db4141ea61939084f8caa74d46c08307b6a60e26c0f",
                "sha256:a9c27a6f213cae8d49f5ff9b04bab7eee11ec6dc38ca584b368bfc5a9deec7c4",
                "sha256:42c51c301725770c2aceabb48b79011335e4c078d08b55786b3566a19e984a14"
            ],
            "version": "==4.0b3"
        },
        "funcsigs": {
            "hashes": [
                "sha256:330cc27ccbf7f1e992e69fef78261dc7c6569012cf397db8d3de0234e6c937ca",
                "sha256:a7bb0f2cf3a3fd1ab2732cb49eba4252c2af4240442415b4abce3b87022a8f50"
            ],
            "markers": "python_version < '3.0'",
            "version": "==1.0.2"
        },
        "mock": {
            "hashes": [
                "sha256:3f573a18be94de886d1191f27c168427ef693e8dcfcecf95b170577b2eb69cbb",
                "sha256:1e247dbecc6ce057299eb7ee019ad68314bb93152e81d9a6110d35f4d5eca0f6"
            ],
            "version": "==1.3.0"
        },
        "nose": {
            "hashes": [
                "sha256:4e63cc3325de75cf98ffad40be72fa69753de824695173178f74c034fe4f5260"
            ],
            "version": "==1.3.0"
        },
        "nose-cov": {
            "hashes": [
                "sha256:8bec0335598f1cc69e3262cc50d7678c1a6010fa44625ce343c4ec1500774412"
            ],
            "version": "==1.6"
        },
        "pbr": {
            "hashes": [
                "sha256:60c25b7dfd054ef9bb0ae327af949dd4676aa09ac3a9471cdc871d8a9213f9ac",
                "sha256:05f61c71aaefc02d8e37c0a3eeb9815ff526ea28b3b76324769e6158d7f95be1"
            ],
            "version": "==3.1.1"
        },
        "pluggy": {
            "hashes": [
                "sha256:7f8ae7f5bdf75671a718d2daf0a64b7885f74510bcd98b1a0bb420eb9a9d0cff"
            ],
            "version": "==0.6.0"
        },
        "py": {
            "hashes": [
                "sha256:8cca5c229d225f8c1e3085be4fcf306090b00850fefad892f9d96c7b6e2f310f",
                "sha256:ca18943e28235417756316bfada6cd96b23ce60dd532642690dcfdaba988a76d"
            ],
            "version": "==1.5.2"
        },
        "pyparsing": {
            "hashes": [
                "sha256:33b8b9da9989456fb92aeb5ae96c28d74cc8f1b14b42d62b2508174afb155787",
                "sha256:f6cb2bc85a491347c3c699db47f7ecc02903959156b4f92669ebf82395982901",
                "sha256:5c100cded2aa93b7d0629934c4b671ae3b4e192e88546686cf6bd54255de7bc6",
                "sha256:cf1725d0de8adfa062215afe0edd2acd1097b489eef27616a43ea4c696746a13",
                "sha256:e06a750886e562dd2a0eba195ee79216c94fc74555d0fe4f94a473c915f44636",
                "sha256:ce13c622301acc0239b105e43ba2495e78665cbb13d4647dc74d10de6a5c7a69",
                "sha256:769f0d74ced4e8133a205fb24561d129c978217fa0c3a610a71fe0971dd6646e",
                "sha256:ba274dd441b4ebbb684f1dda372664cc6af3201c717293b2cb7562627c13c802"
            ],
            "version": "==2.1.0"
        },
        "pytest": {
            "hashes": [
                "sha256:b84878865558194630c6147f44bdaef27222a9f153bbd4a08908b16bf285e0b1",
                "sha256:53548280ede7818f4dc2ad96608b9f08ae2cc2ca3874f2ceb6f97e3583f25bc4"
            ],
            "version": "==3.3.2"
        },
        "pytest-cov": {
            "hashes": [
                "sha256:890fe5565400902b0c78b5357004aab1c814115894f4f21370e2433256a3eeec",
                "sha256:03aa752cf11db41d281ea1d807d954c4eda35cfa1b21d6971966cc041bbf6e2d"
            ],
            "version": "==2.5.1"
        },
        "pytest-mock": {
            "hashes": [
                "sha256:7ed6e7e8c636fd320927c5d73aedb77ac2eeb37196c3410e6176b7c92fdf2f69",
                "sha256:920d1167af5c2c2ad3fa0717d0c6c52e97e97810160c15721ac895cac53abb1c"
            ],
            "version": "==1.6.3"
        },
        "six": {
            "hashes": [
                "sha256:832dc0e10feb1aa2c68dcc57dbb658f1c7e65b9b61af69048abc87a2db00a0eb",
                "sha256:70e8a77beed4562e7f14fe23a786b54f6296e34344c23bc42f07b15018ff98e9"
            ],
            "version": "==1.11.0"
        }
    },
    "develop": {}
}
